
Microsoft Visual Studio Solution File, Format Version 12.00
# Visual Studio Version 17
VisualStudioVersion = 17.1.32328.378
MinimumVisualStudioVersion = 10.0.40219.1
Project("{FAE04EC0-301F-11D3-BF4B-00C04F79EFBC}") = "WinFormsApp1", "WinFormsApp1.csproj", "{03581047-4085-4F8E-B4F4-AABDCF3D81FD}"
EndProject
Global
	GlobalSection(SolutionConfigurationPlatforms) = preSolution
		Debug|Any CPU = Debug|Any CPU
		Release|Any CPU = Release|Any CPU
	EndGlobalSection
	GlobalSection(ProjectConfigurationPlatforms) = postSolution
		{03581047-4085-4F8E-B4F4-AABDCF3D81FD}.Debug|Any CPU.ActiveCfg = Debug|Any CPU
		{03581047-4085-4F8E-B4F4-AABDCF3D81FD}.Debug|Any CPU.Build.0 = Debug|Any CPU
		{03581047-4085-4F8E-B4F4-AABDCF3D81FD}.Release|Any CPU.ActiveCfg = Release|Any CPU
		{03581047-4085-4F8E-B4F4-AABDCF3D81FD}.Release|Any CPU.Build.0 = Release|Any CPU
	EndGlobalSection
	GlobalSection(SolutionProperties) = preSolution
		HideSolutionNode = FALSE
	EndGlobalSection
	GlobalSection(ExtensibilityGlobals) = postSolution
		SolutionGuid = {DBE3C522-489B-4925-AB99-117D6A5F1AC3}
	EndGlobalSection
EndGlobal
